// !$*UTF8*$!
{
	archiveVersion = 1;
	classes = {
	};
	objectVersion = 46;
	objects = {

/* Begin PBXBuildFile section */
		BE56CD4A17A393B40020BB5E /* UIKit.framework in Frameworks */ = {isa = PBXBuildFile; fileRef = BE56CD4917A393B40020BB5E /* UIKit.framework */; };
		BE56CD4C17A393B40020BB5E /* Foundation.framework in Frameworks */ = {isa = PBXBuildFile; fileRef = BE56CD4B17A393B40020BB5E /* Foundation.framework */; };
		BE56CD4E17A393B40020BB5E /* CoreGraphics.framework in Frameworks */ = {isa = PBXBuildFile; fileRef = BE56CD4D17A393B40020BB5E /* CoreGraphics.framework */; };
		BE56CD5417A393B40020BB5E /* InfoPlist.strings in Resources */ = {isa = PBXBuildFile; fileRef = BE56CD5217A393B40020BB5E /* InfoPlist.strings */; };
		BE56CD5617A393B40020BB5E /* main.m in Sources */ = {isa = PBXBuildFile; fileRef = BE56CD5517A393B40020BB5E /* main.m */; };
		BE56CD5A17A393B40020BB5E /* AppDelegate.m in Sources */ = {isa = PBXBuildFile; fileRef = BE56CD5917A393B40020BB5E /* AppDelegate.m */; };
		BE56CD5C17A393B40020BB5E /* Default.png in Resources */ = {isa = PBXBuildFile; fileRef = BE56CD5B17A393B40020BB5E /* Default.png */; };
		BE56CD5E17A393B40020BB5E /* Default@2x.png in Resources */ = {isa = PBXBuildFile; fileRef = BE56CD5D17A393B40020BB5E /* Default@2x.png */; };
		BE56CD6017A393B40020BB5E /* Default-568h@2x.png in Resources */ = {isa = PBXBuildFile; fileRef = BE56CD5F17A393B40020BB5E /* Default-568h@2x.png */; };
		BE56CD6317A393B40020BB5E /* MainStoryboard.storyboard in Resources */ = {isa = PBXBuildFile; fileRef = BE56CD6117A393B40020BB5E /* MainStoryboard.storyboard */; };
		BE56CD6E17A397CF0020BB5E /* RedViewController.m in Sources */ = {isa = PBXBuildFile; fileRef = BE56CD6D17A397CF0020BB5E /* RedViewController.m */; };
		BE56CD7117A397E00020BB5E /* GreenViewController.m in Sources */ = {isa = PBXBuildFile; fileRef = BE56CD7017A397E00020BB5E /* GreenViewController.m */; };
		BE56CD7417A397EB0020BB5E /* BlueViewController.m in Sources */ = {isa = PBXBuildFile; fileRef = BE56CD7317A397EB0020BB5E /* BlueViewController.m */; };
/* End PBXBuildFile section */

/* Begin PBXFileReference section */
		BE56CD4617A393B40020BB5E /* UnwindSegue.app */ = {isa = PBXFileReference; explicitFileType = wrapper.application; includeInIndex = 0; path = UnwindSegue.app; sourceTree = BUILT_PRODUCTS_DIR; };
		BE56CD4917A393B40020BB5E /* UIKit.framework */ = {isa = PBXFileReference; lastKnownFileType = wrapper.framework; name = UIKit.framework; path = System/Library/Frameworks/UIKit.framework; sourceTree = SDKROOT; };
		BE56CD4B17A393B40020BB5E /* Foundation.framework */ = {isa = PBXFileReference; lastKnownFileType = wrapper.framework; name = Foundation.framework; path = System/Library/Frameworks/Foundation.framework; sourceTree = SDKROOT; };
		BE56CD4D17A393B40020BB5E /* CoreGraphics.framework */ = {isa = PBXFileReference; lastKnownFileType = wrapper.framework; name = CoreGraphics.framework; path = System/Library/Frameworks/CoreGraphics.framework; sourceTree = SDKROOT; };
		BE56CD5117A393B40020BB5E /* UnwindSegue-Info.plist */ = {isa = PBXFileReference; lastKnownFileType = text.plist.xml; path = "UnwindSegue-Info.plist"; sourceTree = "<group>"; };
		BE56CD5317A393B40020BB5E /* en */ = {isa = PBXFileReference; lastKnownFileType = text.plist.strings; name = en; path = en.lproj/InfoPlist.strings; sourceTree = "<group>"; };
		BE56CD5517A393B40020BB5E /* main.m */ = {isa = PBXFileReference; lastKnownFileType = sourcecode.c.objc; path = main.m; sourceTree = "<group>"; };
		BE56CD5717A393B40020BB5E /* UnwindSegue-Prefix.pch */ = {isa = PBXFileReference; lastKnownFileType = sourcecode.c.h; path = "UnwindSegue-Prefix.pch"; sourceTree = "<group>"; };
		BE56CD5817A393B40020BB5E /* AppDelegate.h */ = {isa = PBXFileReference; lastKnownFileType = sourcecode.c.h; path = AppDelegate.h; sourceTree = "<group>"; };
		BE56CD5917A393B40020BB5E /* AppDelegate.m */ = {isa = PBXFileReference; lastKnownFileType = sourcecode.c.objc; path = AppDelegate.m; sourceTree = "<group>"; };
		BE56CD5B17A393B40020BB5E /* Default.png */ = {isa = PBXFileReference; lastKnownFileType = image.png; path = Default.png; sourceTree = "<group>"; };
		BE56CD5D17A393B40020BB5E /* Default@2x.png */ = {isa = PBXFileReference; lastKnownFileType = image.png; path = "Default@2x.png"; sourceTree = "<group>"; };
		BE56CD5F17A393B40020BB5E /* Default-568h@2x.png */ = {isa = PBXFileReference; lastKnownFileType = image.png; path = "Default-568h@2x.png"; sourceTree = "<group>"; };
		BE56CD6217A393B40020BB5E /* en */ = {isa = PBXFileReference; lastKnownFileType = file.storyboard; name = en; path = en.lproj/MainStoryboard.storyboard; sourceTree = "<group>"; };
		BE56CD6C17A397CF0020BB5E /* RedViewController.h */ = {isa = PBXFileReference; fileEncoding = 4; lastKnownFileType = sourcecode.c.h; path = RedViewController.h; sourceTree = "<group>"; };
		BE56CD6D17A397CF0020BB5E /* RedViewController.m */ = {isa = PBXFileReference; fileEncoding = 4; lastKnownFileType = sourcecode.c.objc; path = RedViewController.m; sourceTree = "<group>"; };
		BE56CD6F17A397E00020BB5E /* GreenViewController.h */ = {isa = PBXFileReference; fileEncoding = 4; lastKnownFileType = sourcecode.c.h; path = GreenViewController.h; sourceTree = "<group>"; };
		BE56CD7017A397E00020BB5E /* GreenViewController.m */ = {isa = PBXFileReference; fileEncoding = 4; lastKnownFileType = sourcecode.c.objc; path = GreenViewController.m; sourceTree = "<group>"; };
		BE56CD7217A397EB0020BB5E /* BlueViewController.h */ = {isa = PBXFileReference; fileEncoding = 4; lastKnownFileType = sourcecode.c.h; path = BlueViewController.h; sourceTree = "<group>"; };
		BE56CD7317A397EB0020BB5E /* BlueViewController.m */ = {isa = PBXFileReference; fileEncoding = 4; lastKnownFileType = sourcecode.c.objc; path = BlueViewController.m; sourceTree = "<group>"; };
/* End PBXFileReference section */

/* Begin PBXFrameworksBuildPhase section */
		BE56CD4317A393B40020BB5E /* Frameworks */ = {
			isa = PBXFrameworksBuildPhase;
			buildActionMask = 2147483647;
			files = (
				BE56CD4A17A393B40020BB5E /* UIKit.framework in Frameworks */,
				BE56CD4C17A393B40020BB5E /* Foundation.framework in Frameworks */,
				BE56CD4E17A393B40020BB5E /* CoreGraphics.framework in Frameworks */,
			);
			runOnlyForDeploymentPostprocessing = 0;
		};
/* End PBXFrameworksBuildPhase section */

/* Begin PBXGroup section */
		BE56CD3D17A393B40020BB5E = {
			isa = PBXGroup;
			children = (
				BE56CD4F17A393B40020BB5E /* UnwindSegue */,
				BE56CD4817A393B40020BB5E /* Frameworks */,
				BE56CD4717A393B40020BB5E /* Products */,
			);
			sourceTree = "<group>";
		};
		BE56CD4717A393B40020BB5E /* Products */ = {
			isa = PBXGroup;
			children = (
				BE56CD4617A393B40020BB5E /* UnwindSegue.app */,
			);
			name = Products;
			sourceTree = "<group>";
		};
		BE56CD4817A393B40020BB5E /* Frameworks */ = {
			isa = PBXGroup;
			children = (
				BE56CD4917A393B40020BB5E /* UIKit.framework */,
				BE56CD4B17A393B40020BB5E /* Foundation.framework */,
				BE56CD4D17A393B40020BB5E /* CoreGraphics.framework */,
			);
			name = Frameworks;
			sourceTree = "<group>";
		};
		BE56CD4F17A393B40020BB5E /* UnwindSegue */ = {
			isa = PBXGroup;
			children = (
				BE56CD5817A393B40020BB5E /* AppDelegate.h */,
				BE56CD5917A393B40020BB5E /* AppDelegate.m */,
				BE56CD6117A393B40020BB5E /* MainStoryboard.storyboard */,
				BE56CD5017A393B40020BB5E /* Supporting Files */,
				BE56CD6C17A397CF0020BB5E /* RedViewController.h */,
				BE56CD6D17A397CF0020BB5E /* RedViewController.m */,
				BE56CD6F17A397E00020BB5E /* GreenViewController.h */,
				BE56CD7017A397E00020BB5E /* GreenViewController.m */,
				BE56CD7217A397EB0020BB5E /* BlueViewController.h */,
				BE56CD7317A397EB0020BB5E /* BlueViewController.m */,
			);
			path = UnwindSegue;
			sourceTree = "<group>";
		};
		BE56CD5017A393B40020BB5E /* Supporting Files */ = {
			isa = PBXGroup;
			children = (
				BE56CD5117A393B40020BB5E /* UnwindSegue-Info.plist */,
				BE56CD5217A393B40020BB5E /* InfoPlist.strings */,
				BE56CD5517A393B40020BB5E /* main.m */,
				BE56CD5717A393B40020BB5E /* UnwindSegue-Prefix.pch */,
				BE56CD5B17A393B40020BB5E /* Default.png */,
				BE56CD5D17A393B40020BB5E /* Default@2x.png */,
				BE56CD5F17A393B40020BB5E /* Default-568h@2x.png */,
			);
			name = "Supporting Files";
			sourceTree = "<group>";
		};
/* End PBXGroup section */

/* Begin PBXNativeTarget section */
		BE56CD4517A393B40020BB5E /* UnwindSegue */ = {
			isa = PBXNativeTarget;
			buildConfigurationList = BE56CD6917A393B40020BB5E /* Build configuration list for PBXNativeTarget "UnwindSegue" */;
			buildPhases = (
				BE56CD4217A393B40020BB5E /* Sources */,
				BE56CD4317A393B40020BB5E /* Frameworks */,
				BE56CD4417A393B40020BB5E /* Resources */,
			);
			buildRules = (
			);
			dependencies = (
			);
			name = UnwindSegue;
			productName = UnwindSegue;
			productReference = BE56CD4617A393B40020BB5E /* UnwindSegue.app */;
			productType = "com.apple.product-type.application";
		};
/* End PBXNativeTarget section */

/* Begin PBXProject section */
		BE56CD3E17A393B40020BB5E /* Project object */ = {
			isa = PBXProject;
			attributes = {
				LastUpgradeCheck = 0460;
				ORGANIZATIONNAME = "汤 海波";
			};
			buildConfigurationList = BE56CD4117A393B40020BB5E /* Build configuration list for PBXProject "UnwindSegue" */;
			compatibilityVersion = "Xcode 3.2";
			developmentRegion = English;
			hasScannedForEncodings = 0;
			knownRegions = (
				en,
			);
			mainGroup = BE56CD3D17A393B40020BB5E;
			productRefGroup = BE56CD4717A393B40020BB5E /* Products */;
			projectDirPath = "";
			projectRoot = "";
			targets = (
				BE56CD4517A393B40020BB5E /* UnwindSegue */,
			);
		};
/* End PBXProject section */

/* Begin PBXResourcesBuildPhase section */
		BE56CD4417A393B40020BB5E /* Resources */ = {
			isa = PBXResourcesBuildPhase;
			buildActionMask = 2147483647;
			files = (
				BE56CD5417A393B40020BB5E /* InfoPlist.strings in Resources */,
				BE56CD5C17A393B40020BB5E /* Default.png in Resources */,
				BE56CD5E17A393B40020BB5E /* Default@2x.png in Resources */,
				BE56CD6017A393B40020BB5E /* Default-568h@2x.png in Resources */,
				BE56CD6317A393B40020BB5E /* MainStoryboard.storyboard in Resources */,
			);
			runOnlyForDeploymentPostprocessing = 0;
		};
/* End PBXResourcesBuildPhase section */

/* Begin PBXSourcesBuildPhase section */
		BE56CD4217A393B40020BB5E /* Sources */ = {
			isa = PBXSourcesBuildPhase;
			buildActionMask = 2147483647;
			files = (
				BE56CD5617A393B40020BB5E /* main.m in Sources */,
				BE56CD5A17A393B40020BB5E /* AppDelegate.m in Sources */,
				BE56CD6E17A397CF0020BB5E /* RedViewController.m in Sources */,
				BE56CD7117A397E00020BB5E /* GreenViewController.m in Sources */,
				BE56CD7417A397EB0020BB5E /* BlueViewController.m in Sources */,
			);
			runOnlyForDeploymentPostprocessing = 0;
		};
/* End PBXSourcesBuildPhase section */

/* Begin PBXVariantGroup section */
		BE56CD5217A393B40020BB5E /* InfoPlist.strings */ = {
			isa = PBXVariantGroup;
			children = (
				BE56CD5317A393B40020BB5E /* en */,
			);
			name = InfoPlist.strings;
			sourceTree = "<group>";
		};
		BE56CD6117A393B40020BB5E /* MainStoryboard.storyboard */ = {
			isa = PBXVariantGroup;
			children = (
				BE56CD6217A393B40020BB5E /* en */,
			);
			name = MainStoryboard.storyboard;
			sourceTree = "<group>";
		};
/* End PBXVariantGroup section */

/* Begin XCBuildConfiguration section */
		BE56CD6717A393B40020BB5E /* Debug */ = {
			isa = XCBuildConfiguration;
			buildSettings = {
				ALWAYS_SEARCH_USER_PATHS = NO;
				CLANG_CXX_LANGUAGE_STANDARD = "gnu++0x";
				CLANG_CXX_LIBRARY = "libc++";
				CLANG_ENABLE_OBJC_ARC = YES;
				CLANG_WARN_CONSTANT_CONVERSION = YES;
				CLANG_WARN_EMPTY_BODY = YES;
				CLANG_WARN_ENUM_CONVERSION = YES;
				CLANG_WARN_INT_CONVERSION = YES;
				CLANG_WARN__DUPLICATE_METHOD_MATCH = YES;
				"CODE_SIGN_IDENTITY[sdk=iphoneos*]" = "iPhone Developer";
				COPY_PHASE_STRIP = NO;
				GCC_C_LANGUAGE_STANDARD = gnu99;
				GCC_DYNAMIC_NO_PIC = NO;
				GCC_OPTIMIZATION_LEVEL = 0;
				GCC_PREPROCESSOR_DEFINITIONS = (
					"DEBUG=1",
					"$(inherited)",
				);
				GCC_SYMBOLS_PRIVATE_EXTERN = NO;
				GCC_WARN_ABOUT_RETURN_TYPE = YES;
				GCC_WARN_UNINITIALIZED_AUTOS = YES;
				GCC_WARN_UNUSED_VARIABLE = YES;
				IPHONEOS_DEPLOYMENT_TARGET = 6.1;
				ONLY_ACTIVE_ARCH = YES;
				SDKROOT = iphoneos;
			};
			name = Debug;
		};
		BE56CD6817A393B40020BB5E /* Release */ = {
			isa = XCBuildConfiguration;
			buildSettings = {
				ALWAYS_SEARCH_USER_PATHS = NO;
				CLANG_CXX_LANGUAGE_STANDARD = "gnu++0x";
				CLANG_CXX_LIBRARY = "libc++";
				CLANG_ENABLE_OBJC_ARC = YES;
				CLANG_WARN_CONSTANT_CONVERSION = YES;
				CLANG_WARN_EMPTY_BODY = YES;
				CLANG_WARN_ENUM_CONVERSION = YES;
				CLANG_WARN_INT_CONVERSION = YES;
				CLANG_WARN__DUPLICATE_METHOD_MATCH = YES;
				"CODE_SIGN_IDENTITY[sdk=iphoneos*]" = "iPhone Developer";
				COPY_PHASE_STRIP = YES;
				GCC_C_LANGUAGE_STANDARD = gnu99;
				GCC_WARN_ABOUT_RETURN_TYPE = YES;
				GCC_WARN_UNINITIALIZED_AUTOS = YES;
				GCC_WARN_UNUSED_VARIABLE = YES;
				IPHONEOS_DEPLOYMENT_TARGET = 6.1;
				OTHER_CFLAGS = "-DNS_BLOCK_ASSERTIONS=1";
				SDKROOT = iphoneos;
				VALIDATE_PRODUCT = YES;
			};
			name = Release;
		};
		BE56CD6A17A393B40020BB5E /* Debug */ = {
			isa = XCBuildConfiguration;
			buildSettings = {
				GCC_PRECOMPILE_PREFIX_HEADER = YES;
				GCC_PREFIX_HEADER = "UnwindSegue/UnwindSegue-Prefix.pch";
				INFOPLIST_FILE = "UnwindSegue/UnwindSegue-Info.plist";
				PRODUCT_NAME = "$(TARGET_NAME)";
				WRAPPER_EXTENSION = app;
			};
			name = Debug;
		};
		BE56CD6B17A393B40020BB5E /* Release */ = {
			isa = XCBuildConfiguration;
			buildSettings = {
				GCC_PRECOMPILE_PREFIX_HEADER = YES;
				GCC_PREFIX_HEADER = "UnwindSegue/UnwindSegue-Prefix.pch";
				INFOPLIST_FILE = "UnwindSegue/UnwindSegue-Info.plist";
				PRODUCT_NAME = "$(TARGET_NAME)";
				WRAPPER_EXTENSION = app;
			};
			name = Release;
		};
/* End XCBuildConfiguration section */

/* Begin XCConfigurationList section */
		BE56CD4117A393B40020BB5E /* Build configuration list for PBXProject "UnwindSegue" */ = {
			isa = XCConfigurationList;
			buildConfigurations = (
				BE56CD6717A393B40020BB5E /* Debug */,
				BE56CD6817A393B40020BB5E /* Release */,
			);
			defaultConfigurationIsVisible = 0;
			defaultConfigurationName = Release;
		};
		BE56CD6917A393B40020BB5E /* Build configuration list for PBXNativeTarget "UnwindSegue" */ = {
			isa = XCConfigurationList;
			buildConfigurations = (
				BE56CD6A17A393B40020BB5E /* Debug */,
				BE56CD6B17A393B40020BB5E /* Release */,
			);
			defaultConfigurationIsVisible = 0;
		};
/* End XCConfigurationList section */
	};
	rootObject = BE56CD3E17A393B40020BB5E /* Project object */;
}
